
Microsoft Visual Studio Solution File, Format Version 12.00
# Visual Studio Version 16
VisualStudioVersion = 16.0.31424.327
MinimumVisualStudioVersion = 10.0.40219.1
Project("{FAE04EC0-301F-11D3-BF4B-00C04F79EFBC}") = "HelloWorldApi", "HelloWorldApi\HelloWorldApi.csproj", "{EF11B3EB-9774-414E-B410-9EB60561C59B}"
EndProject
Project("{FAE04EC0-301F-11D3-BF4B-00C04F79EFBC}") = "HelloWorldApiTest", "HelloWorldApiTest\HelloWorldApiTest.csproj", "{19D86CB2-16A2-48EB-B0D5-CF636F58A0D4}"
EndProject
Global
	GlobalSection(SolutionConfigurationPlatforms) = preSolution
		Debug|Any CPU = Debug|Any CPU
		Release|Any CPU = Release|Any CPU
	EndGlobalSection
	GlobalSection(ProjectConfigurationPlatforms) = postSolution
		{EF11B3EB-9774-414E-B410-9EB60561C59B}.Debug|Any CPU.ActiveCfg = Debug|Any CPU
		{EF11B3EB-9774-414E-B410-9EB60561C59B}.Debug|Any CPU.Build.0 = Debug|Any CPU
		{EF11B3EB-9774-414E-B410-9EB60561C59B}.Release|Any CPU.ActiveCfg = Release|Any CPU
		{EF11B3EB-9774-414E-B410-9EB60561C59B}.Release|Any CPU.Build.0 = Release|Any CPU
		{19D86CB2-16A2-48EB-B0D5-CF636F58A0D4}.Debug|Any CPU.ActiveCfg = Debug|Any CPU
		{19D86CB2-16A2-48EB-B0D5-CF636F58A0D4}.Debug|Any CPU.Build.0 = Debug|Any CPU
		{19D86CB2-16A2-48EB-B0D5-CF636F58A0D4}.Release|Any CPU.ActiveCfg = Release|Any CPU
		{19D86CB2-16A2-48EB-B0D5-CF636F58A0D4}.Release|Any CPU.Build.0 = Release|Any CPU
	EndGlobalSection
	GlobalSection(SolutionProperties) = preSolution
		HideSolutionNode = FALSE
	EndGlobalSection
	GlobalSection(ExtensibilityGlobals) = postSolution
		SolutionGuid = {65587A2F-B066-4D11-B5D8-7D7B92403025}
	EndGlobalSection
EndGlobal
